
Microsoft Visual Studio Solution File, Format Version 12.00
# Visual Studio Version 17
VisualStudioVersion = 17.11.35312.102
MinimumVisualStudioVersion = 10.0.40219.1
Project("{FAE04EC0-301F-11D3-BF4B-00C04F79EFBC}") = "DreamDay_WeddingPlanneingweb", "DreamDay_WeddingPlanneingweb\DreamDay_WeddingPlanneingweb.csproj", "{C82762A4-28FA-481E-B5E5-7D8ACE30A1A9}"
EndProject
Global
	GlobalSection(SolutionConfigurationPlatforms) = preSolution
		Debug|Any CPU = Debug|Any CPU
		Release|Any CPU = Release|Any CPU
	EndGlobalSection
	GlobalSection(ProjectConfigurationPlatforms) = postSolution
		{C82762A4-28FA-481E-B5E5-7D8ACE30A1A9}.Debug|Any CPU.ActiveCfg = Debug|Any CPU
		{C82762A4-28FA-481E-B5E5-7D8ACE30A1A9}.Debug|Any CPU.Build.0 = Debug|Any CPU
		{C82762A4-28FA-481E-B5E5-7D8ACE30A1A9}.Release|Any CPU.ActiveCfg = Release|Any CPU
		{C82762A4-28FA-481E-B5E5-7D8ACE30A1A9}.Release|Any CPU.Build.0 = Release|Any CPU
	EndGlobalSection
	GlobalSection(SolutionProperties) = preSolution
		HideSolutionNode = FALSE
	EndGlobalSection
	GlobalSection(ExtensibilityGlobals) = postSolution
		SolutionGuid = {F48EC7F3-E3D1-41DC-AD27-ACC12B94D2AF}
	EndGlobalSection
EndGlobal
